
Microsoft Visual Studio Solution File, Format Version 12.00
# Visual Studio Version 17
VisualStudioVersion = 17.8.34330.188
MinimumVisualStudioVersion = 10.0.40219.1
Project("{9A19103F-16F7-4668-BE54-9A1E7A4F7556}") = "DemoHelloWorld", "DemoHelloWorld\DemoHelloWorld.csproj", "{B6AF8993-F3D2-48D4-A009-3F58DBD2A91F}"
EndProject
Project("{9A19103F-16F7-4668-BE54-9A1E7A4F7556}") = "MathLib", "MathLib\MathLib.csproj", "{E0B41195-110B-4DA2-8FA1-B3214D84DDAB}"
EndProject
Project("{9A19103F-16F7-4668-BE54-9A1E7A4F7556}") = "00DemoOOP", "00DemoOOP\00DemoOOP.csproj", "{E4AC2202-08B3-4571-AF3E-681C4A96DB8A}"
EndProject
Project("{FAE04EC0-301F-11D3-BF4B-00C04F79EFBC}") = "01DemoOOP", "01DemoOOP\01DemoOOP.csproj", "{39CF463B-324A-42A6-9443-27AE9F3985C4}"
EndProject
Project("{FAE04EC0-301F-11D3-BF4B-00C04F79EFBC}") = "02DemoOOP", "02DemoOOP\02DemoOOP.csproj", "{36227E8E-068D-4F8F-8CB6-CF748372BD4D}"
EndProject
Project("{FAE04EC0-301F-11D3-BF4B-00C04F79EFBC}") = "03DemoOOP", "03DemoOOP\03DemoOOP.csproj", "{984F28B9-3F13-49BD-8958-E161FBBEB0F7}"
EndProject
Project("{FAE04EC0-301F-11D3-BF4B-00C04F79EFBC}") = "04DemoOOP", "04DemoOOP\04DemoOOP.csproj", "{394C9E6A-DD88-4174-9F27-26F153D843C0}"
EndProject
Project("{FAE04EC0-301F-11D3-BF4B-00C04F79EFBC}") = "DemoDesktop", "DemoDesktop\DemoDesktop.csproj", "{408A2C9E-9F6B-43BF-A8C2-8F935BA110BF}"
EndProject
Project("{FAE04EC0-301F-11D3-BF4B-00C04F79EFBC}") = "05DemoOOP", "05DemoOOP\05DemoOOP.csproj", "{68437450-19D3-4D64-8FBC-0112A4F8FF53}"
EndProject
Project("{FAE04EC0-301F-11D3-BF4B-00C04F79EFBC}") = "DBOpsLib", "DBOpsLib\DBOpsLib.csproj", "{294D16E7-8F81-4B08-A5ED-A5AB34B0EF17}"
EndProject
Project("{FAE04EC0-301F-11D3-BF4B-00C04F79EFBC}") = "06DemoFileIO", "06DemoFileIO\06DemoFileIO.csproj", "{4DC24C60-9F8A-41E1-96D3-60F3555B6854}"
EndProject
Project("{9A19103F-16F7-4668-BE54-9A1E7A4F7556}") = "LoggerLib", "LoggerLib\LoggerLib.csproj", "{651329BE-6505-4120-8044-C6A42388E36F}"
EndProject
Project("{FAE04EC0-301F-11D3-BF4B-00C04F79EFBC}") = "07DBOpsWithLog", "07DBOpsWithLog\07DBOpsWithLog.csproj", "{10C8DCCD-74E0-4E5B-A78C-5F59D25FE93A}"
EndProject
Project("{FAE04EC0-301F-11D3-BF4B-00C04F79EFBC}") = "08DemoReflection", "08DemoReflection\08DemoReflection.csproj", "{FF144E99-847D-4805-9EF5-E357BE1A26FA}"
EndProject
Project("{2150E333-8FDC-42A3-9474-1A3956D46DE8}") = "ORM", "ORM", "{A66A1D08-7922-470D-A87A-D74F3FDE8D20}"
EndProject
Project("{FAE04EC0-301F-11D3-BF4B-00C04F79EFBC}") = "001DemoMyAttributes", "001DemoMyAttributes\001DemoMyAttributes.csproj", "{F7269371-CFAC-42CF-8909-299229D02C1E}"
EndProject
Project("{FAE04EC0-301F-11D3-BF4B-00C04F79EFBC}") = "002DemoPOCOLib", "002DemoPOCOLib\002DemoPOCOLib.csproj", "{3C1921E3-B14C-4147-958D-B62FDBA6D83B}"
EndProject
Project("{FAE04EC0-301F-11D3-BF4B-00C04F79EFBC}") = "003DemoMyORMFramework", "003DemoMyORMFramework\003DemoMyORMFramework.csproj", "{69687626-8002-4DF5-B745-DCB767F9EC58}"
EndProject
Project("{FAE04EC0-301F-11D3-BF4B-00C04F79EFBC}") = "09DemoReflection", "09DemoReflection\09DemoReflection.csproj", "{84C7AF1D-C099-437F-9730-ECFF19C9AACB}"
EndProject
Project("{9A19103F-16F7-4668-BE54-9A1E7A4F7556}") = "10DemoFeatures", "10DemoFeatures\10DemoFeatures.csproj", "{4CA7E14D-2E81-4184-AF41-8920ACE59617}"
EndProject
Project("{FAE04EC0-301F-11D3-BF4B-00C04F79EFBC}") = "11DemoDB", "11DemoDB\11DemoDB.csproj", "{EFD2AB48-BCAF-4365-B348-657E11E62BA0}"
EndProject
Project("{FAE04EC0-301F-11D3-BF4B-00C04F79EFBC}") = "12DemoDB", "12DemoDB\12DemoDB.csproj", "{9C5206A9-F387-4CC3-9E3E-AB50AD0CD866}"
EndProject
Project("{2150E333-8FDC-42A3-9474-1A3956D46DE8}") = "MVCDemos", "MVCDemos", "{77837771-DC03-4CA1-8B3A-006779149E62}"
EndProject
Project("{9A19103F-16F7-4668-BE54-9A1E7A4F7556}") = "000DemoMVC", "000DemoMVC\000DemoMVC.csproj", "{DEDDA97F-DE97-4421-843E-D487F96BC3AC}"
EndProject
Project("{9A19103F-16F7-4668-BE54-9A1E7A4F7556}") = "HandsOnLab", "HandsOnLab\HandsOnLab.csproj", "{ABE0C334-977D-41F4-9FB6-49DF1809B898}"
EndProject
Project("{9A19103F-16F7-4668-BE54-9A1E7A4F7556}") = "001DemoMVC", "001DemoMVC\001DemoMVC.csproj", "{964EC854-63A8-4DAF-8EE7-A0BF68E5BE17}"
EndProject
Project("{FAE04EC0-301F-11D3-BF4B-00C04F79EFBC}") = "13DemoDB", "13DemoDB\13DemoDB.csproj", "{503344EA-5491-428F-98A4-C483757A218B}"
EndProject
Project("{FAE04EC0-301F-11D3-BF4B-00C04F79EFBC}") = "WebApplication1", "WebApplication1\WebApplication1.csproj", "{1360DD4D-3431-4618-910D-CD92A6E86B8E}"
EndProject
Project("{FAE04EC0-301F-11D3-BF4B-00C04F79EFBC}") = "14DemoThreads", "14DemoThreads\14DemoThreads.csproj", "{15364D16-FDA9-48AE-A625-8EE6358BE26E}"
EndProject
Project("{FAE04EC0-301F-11D3-BF4B-00C04F79EFBC}") = "15DemoThreads", "15DemoThreads\15DemoThreads.csproj", "{7C640A27-383B-4046-BC7A-F9F73D325144}"
EndProject
Project("{FAE04EC0-301F-11D3-BF4B-00C04F79EFBC}") = "16DemoTest", "16DemoTest\16DemoTest.csproj", "{46761153-BE91-41A1-BB14-2541FA80D8E0}"
EndProject
Project("{FAE04EC0-301F-11D3-BF4B-00C04F79EFBC}") = "16DemoTestTests", "16DemoTestTests\16DemoTestTests.csproj", "{28913543-5DB7-4EE2-83C6-A25E2FA0E6DC}"
EndProject
Project("{FAE04EC0-301F-11D3-BF4B-00C04F79EFBC}") = "MVCDemo", "..\Workspace\MVCDemo\MVCDemo.csproj", "{86213FFA-B00A-422B-8D41-9AFA8124420F}"
EndProject
Project("{FAE04EC0-301F-11D3-BF4B-00C04F79EFBC}") = "MVCDemo1", "MVCDemo1\MVCDemo1.csproj", "{BE782F9E-435C-4A66-A703-7B6DEFC68CE0}"
EndProject
Global
	GlobalSection(SolutionConfigurationPlatforms) = preSolution
		Debug|Any CPU = Debug|Any CPU
		Release|Any CPU = Release|Any CPU
	EndGlobalSection
	GlobalSection(ProjectConfigurationPlatforms) = postSolution
		{B6AF8993-F3D2-48D4-A009-3F58DBD2A91F}.Debug|Any CPU.ActiveCfg = Debug|Any CPU
		{B6AF8993-F3D2-48D4-A009-3F58DBD2A91F}.Debug|Any CPU.Build.0 = Debug|Any CPU
		{B6AF8993-F3D2-48D4-A009-3F58DBD2A91F}.Release|Any CPU.ActiveCfg = Release|Any CPU
		{B6AF8993-F3D2-48D4-A009-3F58DBD2A91F}.Release|Any CPU.Build.0 = Release|Any CPU
		{E0B41195-110B-4DA2-8FA1-B3214D84DDAB}.Debug|Any CPU.ActiveCfg = Debug|Any CPU
		{E0B41195-110B-4DA2-8FA1-B3214D84DDAB}.Debug|Any CPU.Build.0 = Debug|Any CPU
		{E0B41195-110B-4DA2-8FA1-B3214D84DDAB}.Release|Any CPU.ActiveCfg = Release|Any CPU
		{E0B41195-110B-4DA2-8FA1-B3214D84DDAB}.Release|Any CPU.Build.0 = Release|Any CPU
		{E4AC2202-08B3-4571-AF3E-681C4A96DB8A}.Debug|Any CPU.ActiveCfg = Debug|Any CPU
		{E4AC2202-08B3-4571-AF3E-681C4A96DB8A}.Debug|Any CPU.Build.0 = Debug|Any CPU
		{E4AC2202-08B3-4571-AF3E-681C4A96DB8A}.Release|Any CPU.ActiveCfg = Release|Any CPU
		{E4AC2202-08B3-4571-AF3E-681C4A96DB8A}.Release|Any CPU.Build.0 = Release|Any CPU
		{39CF463B-324A-42A6-9443-27AE9F3985C4}.Debug|Any CPU.ActiveCfg = Debug|Any CPU
		{39CF463B-324A-42A6-9443-27AE9F3985C4}.Debug|Any CPU.Build.0 = Debug|Any CPU
		{39CF463B-324A-42A6-9443-27AE9F3985C4}.Release|Any CPU.ActiveCfg = Release|Any CPU
		{39CF463B-324A-42A6-9443-27AE9F3985C4}.Release|Any CPU.Build.0 = Release|Any CPU
		{36227E8E-068D-4F8F-8CB6-CF748372BD4D}.Debug|Any CPU.ActiveCfg = Debug|Any CPU
		{36227E8E-068D-4F8F-8CB6-CF748372BD4D}.Debug|Any CPU.Build.0 = Debug|Any CPU
		{36227E8E-068D-4F8F-8CB6-CF748372BD4D}.Release|Any CPU.ActiveCfg = Release|Any CPU
		{36227E8E-068D-4F8F-8CB6-CF748372BD4D}.Release|Any CPU.Build.0 = Release|Any CPU
		{984F28B9-3F13-49BD-8958-E161FBBEB0F7}.Debug|Any CPU.ActiveCfg = Debug|Any CPU
		{984F28B9-3F13-49BD-8958-E161FBBEB0F7}.Debug|Any CPU.Build.0 = Debug|Any CPU
		{984F28B9-3F13-49BD-8958-E161FBBEB0F7}.Release|Any CPU.ActiveCfg = Release|Any CPU
		{984F28B9-3F13-49BD-8958-E161FBBEB0F7}.Release|Any CPU.Build.0 = Release|Any CPU
		{394C9E6A-DD88-4174-9F27-26F153D843C0}.Debug|Any CPU.ActiveCfg = Debug|Any CPU
		{394C9E6A-DD88-4174-9F27-26F153D843C0}.Debug|Any CPU.Build.0 = Debug|Any CPU
		{394C9E6A-DD88-4174-9F27-26F153D843C0}.Release|Any CPU.ActiveCfg = Release|Any CPU
		{394C9E6A-DD88-4174-9F27-26F153D843C0}.Release|Any CPU.Build.0 = Release|Any CPU
		{408A2C9E-9F6B-43BF-A8C2-8F935BA110BF}.Debug|Any CPU.ActiveCfg = Debug|Any CPU
		{408A2C9E-9F6B-43BF-A8C2-8F935BA110BF}.Debug|Any CPU.Build.0 = Debug|Any CPU
		{408A2C9E-9F6B-43BF-A8C2-8F935BA110BF}.Release|Any CPU.ActiveCfg = Release|Any CPU
		{408A2C9E-9F6B-43BF-A8C2-8F935BA110BF}.Release|Any CPU.Build.0 = Release|Any CPU
		{68437450-19D3-4D64-8FBC-0112A4F8FF53}.Debug|Any CPU.ActiveCfg = Debug|Any CPU
		{68437450-19D3-4D64-8FBC-0112A4F8FF53}.Debug|Any CPU.Build.0 = Debug|Any CPU
		{68437450-19D3-4D64-8FBC-0112A4F8FF53}.Release|Any CPU.ActiveCfg = Release|Any CPU
		{68437450-19D3-4D64-8FBC-0112A4F8FF53}.Release|Any CPU.Build.0 = Release|Any CPU
		{294D16E7-8F81-4B08-A5ED-A5AB34B0EF17}.Debug|Any CPU.ActiveCfg = Debug|Any CPU
		{294D16E7-8F81-4B08-A5ED-A5AB34B0EF17}.Debug|Any CPU.Build.0 = Debug|Any CPU
		{294D16E7-8F81-4B08-A5ED-A5AB34B0EF17}.Release|Any CPU.ActiveCfg = Release|Any CPU
		{294D16E7-8F81-4B08-A5ED-A5AB34B0EF17}.Release|Any CPU.Build.0 = Release|Any CPU
		{4DC24C60-9F8A-41E1-96D3-60F3555B6854}.Debug|Any CPU.ActiveCfg = Debug|Any CPU
		{4DC24C60-9F8A-41E1-96D3-60F3555B6854}.Debug|Any CPU.Build.0 = Debug|Any CPU
		{4DC24C60-9F8A-41E1-96D3-60F3555B6854}.Release|Any CPU.ActiveCfg = Release|Any CPU
		{4DC24C60-9F8A-41E1-96D3-60F3555B6854}.Release|Any CPU.Build.0 = Release|Any CPU
		{651329BE-6505-4120-8044-C6A42388E36F}.Debug|Any CPU.ActiveCfg = Debug|Any CPU
		{651329BE-6505-4120-8044-C6A42388E36F}.Debug|Any CPU.Build.0 = Debug|Any CPU
		{651329BE-6505-4120-8044-C6A42388E36F}.Release|Any CPU.ActiveCfg = Release|Any CPU
		{651329BE-6505-4120-8044-C6A42388E36F}.Release|Any CPU.Build.0 = Release|Any CPU
		{10C8DCCD-74E0-4E5B-A78C-5F59D25FE93A}.Debug|Any CPU.ActiveCfg = Debug|Any CPU
		{10C8DCCD-74E0-4E5B-A78C-5F59D25FE93A}.Debug|Any CPU.Build.0 = Debug|Any CPU
		{10C8DCCD-74E0-4E5B-A78C-5F59D25FE93A}.Release|Any CPU.ActiveCfg = Release|Any CPU
		{10C8DCCD-74E0-4E5B-A78C-5F59D25FE93A}.Release|Any CPU.Build.0 = Release|Any CPU
		{FF144E99-847D-4805-9EF5-E357BE1A26FA}.Debug|Any CPU.ActiveCfg = Debug|Any CPU
		{FF144E99-847D-4805-9EF5-E357BE1A26FA}.Debug|Any CPU.Build.0 = Debug|Any CPU
		{FF144E99-847D-4805-9EF5-E357BE1A26FA}.Release|Any CPU.ActiveCfg = Release|Any CPU
		{FF144E99-847D-4805-9EF5-E357BE1A26FA}.Release|Any CPU.Build.0 = Release|Any CPU
		{F7269371-CFAC-42CF-8909-299229D02C1E}.Debug|Any CPU.ActiveCfg = Debug|Any CPU
		{F7269371-CFAC-42CF-8909-299229D02C1E}.Debug|Any CPU.Build.0 = Debug|Any CPU
		{F7269371-CFAC-42CF-8909-299229D02C1E}.Release|Any CPU.ActiveCfg = Release|Any CPU
		{F7269371-CFAC-42CF-8909-299229D02C1E}.Release|Any CPU.Build.0 = Release|Any CPU
		{3C1921E3-B14C-4147-958D-B62FDBA6D83B}.Debug|Any CPU.ActiveCfg = Debug|Any CPU
		{3C1921E3-B14C-4147-958D-B62FDBA6D83B}.Debug|Any CPU.Build.0 = Debug|Any CPU
		{3C1921E3-B14C-4147-958D-B62FDBA6D83B}.Release|Any CPU.ActiveCfg = Release|Any CPU
		{3C1921E3-B14C-4147-958D-B62FDBA6D83B}.Release|Any CPU.Build.0 = Release|Any CPU
		{69687626-8002-4DF5-B745-DCB767F9EC58}.Debug|Any CPU.ActiveCfg = Debug|Any CPU
		{69687626-8002-4DF5-B745-DCB767F9EC58}.Debug|Any CPU.Build.0 = Debug|Any CPU
		{69687626-8002-4DF5-B745-DCB767F9EC58}.Release|Any CPU.ActiveCfg = Release|Any CPU
		{69687626-8002-4DF5-B745-DCB767F9EC58}.Release|Any CPU.Build.0 = Release|Any CPU
		{84C7AF1D-C099-437F-9730-ECFF19C9AACB}.Debug|Any CPU.ActiveCfg = Debug|Any CPU
		{84C7AF1D-C099-437F-9730-ECFF19C9AACB}.Debug|Any CPU.Build.0 = Debug|Any CPU
		{84C7AF1D-C099-437F-9730-ECFF19C9AACB}.Release|Any CPU.ActiveCfg = Release|Any CPU
		{84C7AF1D-C099-437F-9730-ECFF19C9AACB}.Release|Any CPU.Build.0 = Release|Any CPU
		{4CA7E14D-2E81-4184-AF41-8920ACE59617}.Debug|Any CPU.ActiveCfg = Debug|Any CPU
		{4CA7E14D-2E81-4184-AF41-8920ACE59617}.Debug|Any CPU.Build.0 = Debug|Any CPU
		{4CA7E14D-2E81-4184-AF41-8920ACE59617}.Release|Any CPU.ActiveCfg = Release|Any CPU
		{4CA7E14D-2E81-4184-AF41-8920ACE59617}.Release|Any CPU.Build.0 = Release|Any CPU
		{EFD2AB48-BCAF-4365-B348-657E11E62BA0}.Debug|Any CPU.ActiveCfg = Debug|Any CPU
		{EFD2AB48-BCAF-4365-B348-657E11E62BA0}.Debug|Any CPU.Build.0 = Debug|Any CPU
		{EFD2AB48-BCAF-4365-B348-657E11E62BA0}.Release|Any CPU.ActiveCfg = Release|Any CPU
		{EFD2AB48-BCAF-4365-B348-657E11E62BA0}.Release|Any CPU.Build.0 = Release|Any CPU
		{9C5206A9-F387-4CC3-9E3E-AB50AD0CD866}.Debug|Any CPU.ActiveCfg = Debug|Any CPU
		{9C5206A9-F387-4CC3-9E3E-AB50AD0CD866}.Debug|Any CPU.Build.0 = Debug|Any CPU
		{9C5206A9-F387-4CC3-9E3E-AB50AD0CD866}.Release|Any CPU.ActiveCfg = Release|Any CPU
		{9C5206A9-F387-4CC3-9E3E-AB50AD0CD866}.Release|Any CPU.Build.0 = Release|Any CPU
		{DEDDA97F-DE97-4421-843E-D487F96BC3AC}.Debug|Any CPU.ActiveCfg = Debug|Any CPU
		{DEDDA97F-DE97-4421-843E-D487F96BC3AC}.Debug|Any CPU.Build.0 = Debug|Any CPU
		{DEDDA97F-DE97-4421-843E-D487F96BC3AC}.Release|Any CPU.ActiveCfg = Release|Any CPU
		{DEDDA97F-DE97-4421-843E-D487F96BC3AC}.Release|Any CPU.Build.0 = Release|Any CPU
		{ABE0C334-977D-41F4-9FB6-49DF1809B898}.Debug|Any CPU.ActiveCfg = Debug|Any CPU
		{ABE0C334-977D-41F4-9FB6-49DF1809B898}.Debug|Any CPU.Build.0 = Debug|Any CPU
		{ABE0C334-977D-41F4-9FB6-49DF1809B898}.Release|Any CPU.ActiveCfg = Release|Any CPU
		{ABE0C334-977D-41F4-9FB6-49DF1809B898}.Release|Any CPU.Build.0 = Release|Any CPU
		{964EC854-63A8-4DAF-8EE7-A0BF68E5BE17}.Debug|Any CPU.ActiveCfg = Debug|Any CPU
		{964EC854-63A8-4DAF-8EE7-A0BF68E5BE17}.Debug|Any CPU.Build.0 = Debug|Any CPU
		{964EC854-63A8-4DAF-8EE7-A0BF68E5BE17}.Release|Any CPU.ActiveCfg = Release|Any CPU
		{964EC854-63A8-4DAF-8EE7-A0BF68E5BE17}.Release|Any CPU.Build.0 = Release|Any CPU
		{503344EA-5491-428F-98A4-C483757A218B}.Debug|Any CPU.ActiveCfg = Debug|Any CPU
		{503344EA-5491-428F-98A4-C483757A218B}.Debug|Any CPU.Build.0 = Debug|Any CPU
		{503344EA-5491-428F-98A4-C483757A218B}.Release|Any CPU.ActiveCfg = Release|Any CPU
		{503344EA-5491-428F-98A4-C483757A218B}.Release|Any CPU.Build.0 = Release|Any CPU
		{1360DD4D-3431-4618-910D-CD92A6E86B8E}.Debug|Any CPU.ActiveCfg = Debug|Any CPU
		{1360DD4D-3431-4618-910D-CD92A6E86B8E}.Debug|Any CPU.Build.0 = Debug|Any CPU
		{1360DD4D-3431-4618-910D-CD92A6E86B8E}.Release|Any CPU.ActiveCfg = Release|Any CPU
		{1360DD4D-3431-4618-910D-CD92A6E86B8E}.Release|Any CPU.Build.0 = Release|Any CPU
		{15364D16-FDA9-48AE-A625-8EE6358BE26E}.Debug|Any CPU.ActiveCfg = Debug|Any CPU
		{15364D16-FDA9-48AE-A625-8EE6358BE26E}.Debug|Any CPU.Build.0 = Debug|Any CPU
		{15364D16-FDA9-48AE-A625-8EE6358BE26E}.Release|Any CPU.ActiveCfg = Release|Any CPU
		{15364D16-FDA9-48AE-A625-8EE6358BE26E}.Release|Any CPU.Build.0 = Release|Any CPU
		{7C640A27-383B-4046-BC7A-F9F73D325144}.Debug|Any CPU.ActiveCfg = Debug|Any CPU
		{7C640A27-383B-4046-BC7A-F9F73D325144}.Debug|Any CPU.Build.0 = Debug|Any CPU
		{7C640A27-383B-4046-BC7A-F9F73D325144}.Release|Any CPU.ActiveCfg = Release|Any CPU
		{7C640A27-383B-4046-BC7A-F9F73D325144}.Release|Any CPU.Build.0 = Release|Any CPU
		{46761153-BE91-41A1-BB14-2541FA80D8E0}.Debug|Any CPU.ActiveCfg = Debug|Any CPU
		{46761153-BE91-41A1-BB14-2541FA80D8E0}.Debug|Any CPU.Build.0 = Debug|Any CPU
		{46761153-BE91-41A1-BB14-2541FA80D8E0}.Release|Any CPU.ActiveCfg = Release|Any CPU
		{46761153-BE91-41A1-BB14-2541FA80D8E0}.Release|Any CPU.Build.0 = Release|Any CPU
		{28913543-5DB7-4EE2-83C6-A25E2FA0E6DC}.Debug|Any CPU.ActiveCfg = Debug|Any CPU
		{28913543-5DB7-4EE2-83C6-A25E2FA0E6DC}.Debug|Any CPU.Build.0 = Debug|Any CPU
		{28913543-5DB7-4EE2-83C6-A25E2FA0E6DC}.Release|Any CPU.ActiveCfg = Release|Any CPU
		{28913543-5DB7-4EE2-83C6-A25E2FA0E6DC}.Release|Any CPU.Build.0 = Release|Any CPU
		{86213FFA-B00A-422B-8D41-9AFA8124420F}.Debug|Any CPU.ActiveCfg = Debug|Any CPU
		{86213FFA-B00A-422B-8D41-9AFA8124420F}.Debug|Any CPU.Build.0 = Debug|Any CPU
		{86213FFA-B00A-422B-8D41-9AFA8124420F}.Release|Any CPU.ActiveCfg = Release|Any CPU
		{86213FFA-B00A-422B-8D41-9AFA8124420F}.Release|Any CPU.Build.0 = Release|Any CPU
		{BE782F9E-435C-4A66-A703-7B6DEFC68CE0}.Debug|Any CPU.ActiveCfg = Debug|Any CPU
		{BE782F9E-435C-4A66-A703-7B6DEFC68CE0}.Debug|Any CPU.Build.0 = Debug|Any CPU
		{BE782F9E-435C-4A66-A703-7B6DEFC68CE0}.Release|Any CPU.ActiveCfg = Release|Any CPU
		{BE782F9E-435C-4A66-A703-7B6DEFC68CE0}.Release|Any CPU.Build.0 = Release|Any CPU
	EndGlobalSection
	GlobalSection(SolutionProperties) = preSolution
		HideSolutionNode = FALSE
	EndGlobalSection
	GlobalSection(NestedProjects) = preSolution
		{F7269371-CFAC-42CF-8909-299229D02C1E} = {A66A1D08-7922-470D-A87A-D74F3FDE8D20}
		{3C1921E3-B14C-4147-958D-B62FDBA6D83B} = {A66A1D08-7922-470D-A87A-D74F3FDE8D20}
		{69687626-8002-4DF5-B745-DCB767F9EC58} = {A66A1D08-7922-470D-A87A-D74F3FDE8D20}
		{DEDDA97F-DE97-4421-843E-D487F96BC3AC} = {77837771-DC03-4CA1-8B3A-006779149E62}
		{ABE0C334-977D-41F4-9FB6-49DF1809B898} = {77837771-DC03-4CA1-8B3A-006779149E62}
		{964EC854-63A8-4DAF-8EE7-A0BF68E5BE17} = {77837771-DC03-4CA1-8B3A-006779149E62}
		{1360DD4D-3431-4618-910D-CD92A6E86B8E} = {77837771-DC03-4CA1-8B3A-006779149E62}
	EndGlobalSection
	GlobalSection(ExtensibilityGlobals) = postSolution
		SolutionGuid = {21A76E9F-3E78-40D2-8A4D-639C2A97AFF2}
	EndGlobalSection
EndGlobal
